{
	"name": "dt_frontend",
	"version": "9.0.0",
	"lockfileVersion": 3,
	"requires": true,
	"packages": {
		"": {
			"name": "dt_frontend",
			"version": "9.0.0",
			"license": "MIT",
			"dependencies": {
				"@bufbuild/protobuf": "^2.2.3",
				"@connectrpc/connect": "^2.0.1",
				"@connectrpc/connect-web": "^2.0.1",
				"@noble/ed25519": "^3.0.0",
				"@noble/hashes": "^2.0.1",
				"uq-client": "file:../../uq/client"
			}
		},
		"../../uq/client": {
			"name": "uq-client",
			"version": "0.1.0",
			"dependencies": {
				"@bufbuild/protobuf": "^1.10.0",
				"@connectrpc/connect": "^1.4.0",
				"@connectrpc/connect-web": "^1.4.0",
				"@noble/ed25519": "^2.1.0",
				"@noble/hashes": "^1.4.0"
			},
			"devDependencies": {
				"@bufbuild/protoc-gen-es": "^1.10.1",
				"@connectrpc/protoc-gen-connect-es": "^1.7.0",
				"typescript": "next"
			}
		},
		"../uq/client": {
			"name": "uq-client",
			"version": "0.1.0",
			"extraneous": true,
			"dependencies": {
				"@bufbuild/protobuf": "^1.10.0",
				"@connectrpc/connect": "^1.4.0",
				"@connectrpc/connect-web": "^1.4.0",
				"@noble/ed25519": "^2.1.0",
				"@noble/hashes": "^1.4.0"
			},
			"devDependencies": {
				"@bufbuild/protoc-gen-es": "^1.10.1",
				"@connectrpc/protoc-gen-connect-es": "^1.7.0",
				"typescript": "next"
			}
		},
		"node_modules/@bufbuild/protobuf": {
			"version": "2.10.2",
			"resolved": "https://registry.npmjs.org/@bufbuild/protobuf/-/protobuf-2.10.2.tgz",
			"integrity": "sha512-uFsRXwIGyu+r6AMdz+XijIIZJYpoWeYzILt5yZ2d3mCjQrWUTVpVD9WL/jZAbvp+Ed04rOhrsk7FiTcEDseB5A==",
			"license": "(Apache-2.0 AND BSD-3-Clause)"
		},
		"node_modules/@connectrpc/connect": {
			"version": "2.1.1",
			"resolved": "https://registry.npmjs.org/@connectrpc/connect/-/connect-2.1.1.tgz",
			"integrity": "sha512-JzhkaTvM73m2K1URT6tv53k2RwngSmCXLZJgK580qNQOXRzZRR/BCMfZw3h+90JpnG6XksP5bYT+cz0rpUzUWQ==",
			"license": "Apache-2.0",
			"peerDependencies": {
				"@bufbuild/protobuf": "^2.7.0"
			}
		},
		"node_modules/@connectrpc/connect-web": {
			"version": "2.1.1",
			"resolved": "https://registry.npmjs.org/@connectrpc/connect-web/-/connect-web-2.1.1.tgz",
			"integrity": "sha512-J8317Q2MaFRCT1jzVR1o06bZhDIBmU0UAzWx6xOIXzOq8+k71/+k7MUF7AwcBUX+34WIvbm5syRgC5HXQA8fOg==",
			"license": "Apache-2.0",
			"peerDependencies": {
				"@bufbuild/protobuf": "^2.7.0",
				"@connectrpc/connect": "2.1.1"
			}
		},
		"node_modules/@noble/ed25519": {
			"version": "3.0.0",
			"resolved": "https://registry.npmjs.org/@noble/ed25519/-/ed25519-3.0.0.tgz",
			"integrity": "sha512-QyteqMNm0GLqfa5SoYbSC3+Pvykwpn95Zgth4MFVSMKBB75ELl9tX1LAVsN4c3HXOrakHsF2gL4zWDAYCcsnzg==",
			"license": "MIT",
			"funding": {
				"url": "https://paulmillr.com/funding/"
			}
		},
		"node_modules/@noble/hashes": {
			"version": "2.0.1",
			"resolved": "https://registry.npmjs.org/@noble/hashes/-/hashes-2.0.1.tgz",
			"integrity": "sha512-XlOlEbQcE9fmuXxrVTXCTlG2nlRXa9Rj3rr5Ue/+tX+nmkgbX720YHh0VR3hBF9xDvwnb8D2shVGOwNx+ulArw==",
			"license": "MIT",
			"engines": {
				"node": ">= 20.19.0"
			},
			"funding": {
				"url": "https://paulmillr.com/funding/"
			}
		},
		"node_modules/uq-client": {
			"resolved": "../../uq/client",
			"link": true
		}
	}
}
